{
  "pins" : [
    {
      "identity" : "dropdown",
      "kind" : "remoteSourceControl",
      "location" : "https://github.com/AssistoLab/DropDown",
      "state" : {
        "branch" : "master",
        "revision" : "2ab6f6ce19f0117d1a76ea043ef8f57722c65d16"
      }
    },
    {
      "identity" : "easytipview",
      "kind" : "remoteSourceControl",
      "location" : "https://github.com/teodorpatras/EasyTipView",
      "state" : {
        "branch" : "master",
        "revision" : "8a9133085074c41119516a22b4223f79b8698b40"
      }
    },
    {
      "identity" : "realm-core",
      "kind" : "remoteSourceControl",
      "location" : "https://github.com/realm/realm-core",
      "state" : {
        "revision" : "fd48276f88f3d55dbdcdc9e8cbf32541811d5865",
        "version" : "12.1.0"
      }
    },
    {
      "identity" : "realm-swift",
      "kind" : "remoteSourceControl",
      "location" : "https://github.com/realm/realm-swift.git",
      "state" : {
        "branch" : "master",
        "revision" : "dbaf1f86f5549065b627fb635afc1e8071bd1b69"
      }
    }
  ],
  "version" : 2
}
