// !$*UTF8*$!
{
	archiveVersion = 1;
	classes = {
	};
	objectVersion = 52;
	objects = {

/* Begin PBXBuildFile section */
		3318066F286364C500B74ED4 /* Highlight.swift in Sources */ = {isa = PBXBuildFile; fileRef = 3318066E286364C500B74ED4 /* Highlight.swift */; };
		33180C4F286F4F78004FCD13 /* WeatherViewController.swift in Sources */ = {isa = PBXBuildFile; fileRef = 33180C4E286F4F78004FCD13 /* WeatherViewController.swift */; };
		33180C54286F5024004FCD13 /* SudokuRow.swift in Sources */ = {isa = PBXBuildFile; fileRef = 33180C53286F5024004FCD13 /* SudokuRow.swift */; };
		33180C56286F5081004FCD13 /* SudokuBox.swift in Sources */ = {isa = PBXBuildFile; fileRef = 33180C55286F5081004FCD13 /* SudokuBox.swift */; };
		33180C61286F50CE004FCD13 /* WeatherManager.swift in Sources */ = {isa = PBXBuildFile; fileRef = 33180C5E286F50CE004FCD13 /* WeatherManager.swift */; };
		33180C62286F50CE004FCD13 /* WeatherData.swift in Sources */ = {isa = PBXBuildFile; fileRef = 33180C5F286F50CE004FCD13 /* WeatherData.swift */; };
		33180C63286F50CE004FCD13 /* WeatherModel.swift in Sources */ = {isa = PBXBuildFile; fileRef = 33180C60286F50CE004FCD13 /* WeatherModel.swift */; };
		331CC1B728771DC200CF1615 /* Assets.xcassets in Resources */ = {isa = PBXBuildFile; fileRef = 331CC1B628771DC200CF1615 /* Assets.xcassets */; };
		33251B37287F1E3400B8050E /* DrawingViewController.swift in Sources */ = {isa = PBXBuildFile; fileRef = 33251B36287F1E3400B8050E /* DrawingViewController.swift */; };
		33251B39287F3F3700B8050E /* DrawViewController.swift in Sources */ = {isa = PBXBuildFile; fileRef = 33251B38287F3F3700B8050E /* DrawViewController.swift */; };
		33251B3B287F3F9100B8050E /* CanvasView.swift in Sources */ = {isa = PBXBuildFile; fileRef = 33251B3A287F3F9100B8050E /* CanvasView.swift */; };
		332FA0FC28871168006E32EA /* DollarStrokeRecognizer.swift in Sources */ = {isa = PBXBuildFile; fileRef = 332FA0FB28871168006E32EA /* DollarStrokeRecognizer.swift */; };
		332FA0FE2887158D006E32EA /* Templates in Resources */ = {isa = PBXBuildFile; fileRef = 332FA0FD2887158D006E32EA /* Templates */; };
		339F92B8285276AF00FD8E3E /* SudokuBoardElementViewCell.xib in Resources */ = {isa = PBXBuildFile; fileRef = 339F92B7285276AF00FD8E3E /* SudokuBoardElementViewCell.xib */; };
		33D26425283BF3B2004E4E97 /* SudokuMainScreenViewController.swift in Sources */ = {isa = PBXBuildFile; fileRef = 33D26424283BF3B2004E4E97 /* SudokuMainScreenViewController.swift */; };
		33D26427283BF3EA004E4E97 /* Sudoku.swift in Sources */ = {isa = PBXBuildFile; fileRef = 33D26426283BF3EA004E4E97 /* Sudoku.swift */; };
		F711ADC3264AF88800D47408 /* UnitConverterViewController.swift in Sources */ = {isa = PBXBuildFile; fileRef = F711ADC2264AF88800D47408 /* UnitConverterViewController.swift */; };
		F711ADC7264B0A2900D47408 /* Calculator.swift in Sources */ = {isa = PBXBuildFile; fileRef = F711ADC6264B0A2900D47408 /* Calculator.swift */; };
		F711ADC9264B0AEF00D47408 /* UnitConverter.swift in Sources */ = {isa = PBXBuildFile; fileRef = F711ADC8264B0AEF00D47408 /* UnitConverter.swift */; };
		F726125A2623391300CA91B6 /* QRCodeGeneratorViewController.swift in Sources */ = {isa = PBXBuildFile; fileRef = F72612592623391300CA91B6 /* QRCodeGeneratorViewController.swift */; };
		F72A2C86284A4A6700AB85D7 /* Realm in Frameworks */ = {isa = PBXBuildFile; productRef = F72A2C85284A4A6700AB85D7 /* Realm */; };
		F72A2C88284A4A6700AB85D7 /* RealmSwift in Frameworks */ = {isa = PBXBuildFile; productRef = F72A2C87284A4A6700AB85D7 /* RealmSwift */; };
		F72B2E9728413E7D00424A1A /* ColumnFlowLayout.swift in Sources */ = {isa = PBXBuildFile; fileRef = F72B2E9628413E7D00424A1A /* ColumnFlowLayout.swift */; };
		F7358DD7284908D7005AE562 /* SudokuBoardElementViewCell.swift in Sources */ = {isa = PBXBuildFile; fileRef = F7358DD5284908D7005AE562 /* SudokuBoardElementViewCell.swift */; };
		F7663EB525DD4B3F00E4A8D6 /* CountDownViewController.swift in Sources */ = {isa = PBXBuildFile; fileRef = F7663EB425DD4B3F00E4A8D6 /* CountDownViewController.swift */; };
		F7881B5225D713370026F2F0 /* AppDelegate.swift in Sources */ = {isa = PBXBuildFile; fileRef = F7881B5125D713370026F2F0 /* AppDelegate.swift */; };
		F7881B5425D713370026F2F0 /* SceneDelegate.swift in Sources */ = {isa = PBXBuildFile; fileRef = F7881B5325D713370026F2F0 /* SceneDelegate.swift */; };
		F7881B5625D713370026F2F0 /* ViewController.swift in Sources */ = {isa = PBXBuildFile; fileRef = F7881B5525D713370026F2F0 /* ViewController.swift */; };
		F7881B5925D713370026F2F0 /* Main.storyboard in Resources */ = {isa = PBXBuildFile; fileRef = F7881B5725D713370026F2F0 /* Main.storyboard */; };
		F7881B5E25D713380026F2F0 /* LaunchScreen.storyboard in Resources */ = {isa = PBXBuildFile; fileRef = F7881B5C25D713380026F2F0 /* LaunchScreen.storyboard */; };
		F796A9D528400A3E00409BAE /* SudokuBoardViewController.swift in Sources */ = {isa = PBXBuildFile; fileRef = F796A9D428400A3E00409BAE /* SudokuBoardViewController.swift */; };
		F7E0D50E261355230078A15E /* TipCalViewController.swift in Sources */ = {isa = PBXBuildFile; fileRef = F7E0D50D261355230078A15E /* TipCalViewController.swift */; };
/* End PBXBuildFile section */

/* Begin PBXFileReference section */
		3318066E286364C500B74ED4 /* Highlight.swift */ = {isa = PBXFileReference; lastKnownFileType = sourcecode.swift; path = Highlight.swift; sourceTree = "<group>"; };
		33180C4E286F4F78004FCD13 /* WeatherViewController.swift */ = {isa = PBXFileReference; fileEncoding = 4; lastKnownFileType = sourcecode.swift; path = WeatherViewController.swift; sourceTree = "<group>"; };
		33180C53286F5024004FCD13 /* SudokuRow.swift */ = {isa = PBXFileReference; lastKnownFileType = sourcecode.swift; path = SudokuRow.swift; sourceTree = "<group>"; };
		33180C55286F5081004FCD13 /* SudokuBox.swift */ = {isa = PBXFileReference; fileEncoding = 4; lastKnownFileType = sourcecode.swift; path = SudokuBox.swift; sourceTree = "<group>"; };
		33180C5E286F50CE004FCD13 /* WeatherManager.swift */ = {isa = PBXFileReference; fileEncoding = 4; lastKnownFileType = sourcecode.swift; path = WeatherManager.swift; sourceTree = "<group>"; };
		33180C5F286F50CE004FCD13 /* WeatherData.swift */ = {isa = PBXFileReference; fileEncoding = 4; lastKnownFileType = sourcecode.swift; path = WeatherData.swift; sourceTree = "<group>"; };
		33180C60286F50CE004FCD13 /* WeatherModel.swift */ = {isa = PBXFileReference; fileEncoding = 4; lastKnownFileType = sourcecode.swift; path = WeatherModel.swift; sourceTree = "<group>"; };
		331CC1B628771DC200CF1615 /* Assets.xcassets */ = {isa = PBXFileReference; lastKnownFileType = folder.assetcatalog; path = Assets.xcassets; sourceTree = "<group>"; };
		33251B36287F1E3400B8050E /* DrawingViewController.swift */ = {isa = PBXFileReference; lastKnownFileType = sourcecode.swift; path = DrawingViewController.swift; sourceTree = "<group>"; };
		33251B38287F3F3700B8050E /* DrawViewController.swift */ = {isa = PBXFileReference; fileEncoding = 4; lastKnownFileType = sourcecode.swift; path = DrawViewController.swift; sourceTree = "<group>"; };
		33251B3A287F3F9100B8050E /* CanvasView.swift */ = {isa = PBXFileReference; fileEncoding = 4; lastKnownFileType = sourcecode.swift; path = CanvasView.swift; sourceTree = "<group>"; };
		332FA0FB28871168006E32EA /* DollarStrokeRecognizer.swift */ = {isa = PBXFileReference; lastKnownFileType = sourcecode.swift; path = DollarStrokeRecognizer.swift; sourceTree = "<group>"; };
		332FA0FD2887158D006E32EA /* Templates */ = {isa = PBXFileReference; lastKnownFileType = folder; path = Templates; sourceTree = "<group>"; };
		339F92B7285276AF00FD8E3E /* SudokuBoardElementViewCell.xib */ = {isa = PBXFileReference; lastKnownFileType = file.xib; path = SudokuBoardElementViewCell.xib; sourceTree = "<group>"; };
		33D26424283BF3B2004E4E97 /* SudokuMainScreenViewController.swift */ = {isa = PBXFileReference; lastKnownFileType = sourcecode.swift; name = SudokuMainScreenViewController.swift; path = Controllers/SudokuMainScreenViewController.swift; sourceTree = SOURCE_ROOT; };
		33D26426283BF3EA004E4E97 /* Sudoku.swift */ = {isa = PBXFileReference; lastKnownFileType = sourcecode.swift; path = Sudoku.swift; sourceTree = "<group>"; };
		F711ADC2264AF88800D47408 /* UnitConverterViewController.swift */ = {isa = PBXFileReference; lastKnownFileType = sourcecode.swift; path = UnitConverterViewController.swift; sourceTree = "<group>"; };
		F711ADC6264B0A2900D47408 /* Calculator.swift */ = {isa = PBXFileReference; lastKnownFileType = sourcecode.swift; path = Calculator.swift; sourceTree = "<group>"; };
		F711ADC8264B0AEF00D47408 /* UnitConverter.swift */ = {isa = PBXFileReference; lastKnownFileType = sourcecode.swift; path = UnitConverter.swift; sourceTree = "<group>"; };
		F72612592623391300CA91B6 /* QRCodeGeneratorViewController.swift */ = {isa = PBXFileReference; lastKnownFileType = sourcecode.swift; path = QRCodeGeneratorViewController.swift; sourceTree = "<group>"; };
		F72B2E9628413E7D00424A1A /* ColumnFlowLayout.swift */ = {isa = PBXFileReference; lastKnownFileType = sourcecode.swift; path = ColumnFlowLayout.swift; sourceTree = "<group>"; };
		F7358DD5284908D7005AE562 /* SudokuBoardElementViewCell.swift */ = {isa = PBXFileReference; lastKnownFileType = sourcecode.swift; path = SudokuBoardElementViewCell.swift; sourceTree = "<group>"; };
		F7663EB425DD4B3F00E4A8D6 /* CountDownViewController.swift */ = {isa = PBXFileReference; lastKnownFileType = sourcecode.swift; path = CountDownViewController.swift; sourceTree = "<group>"; };
		F7881B4E25D713370026F2F0 /* GettingUsedToSwift.app */ = {isa = PBXFileReference; explicitFileType = wrapper.application; includeInIndex = 0; path = GettingUsedToSwift.app; sourceTree = BUILT_PRODUCTS_DIR; };
		F7881B5125D713370026F2F0 /* AppDelegate.swift */ = {isa = PBXFileReference; lastKnownFileType = sourcecode.swift; path = AppDelegate.swift; sourceTree = "<group>"; };
		F7881B5325D713370026F2F0 /* SceneDelegate.swift */ = {isa = PBXFileReference; lastKnownFileType = sourcecode.swift; path = SceneDelegate.swift; sourceTree = "<group>"; };
		F7881B5525D713370026F2F0 /* ViewController.swift */ = {isa = PBXFileReference; lastKnownFileType = sourcecode.swift; path = ViewController.swift; sourceTree = "<group>"; };
		F7881B5825D713370026F2F0 /* Base */ = {isa = PBXFileReference; lastKnownFileType = file.storyboard; name = Base; path = Base.lproj/Main.storyboard; sourceTree = "<group>"; };
		F7881B5D25D713380026F2F0 /* Base */ = {isa = PBXFileReference; lastKnownFileType = file.storyboard; name = Base; path = Base.lproj/LaunchScreen.storyboard; sourceTree = "<group>"; };
		F7881B5F25D713380026F2F0 /* Info.plist */ = {isa = PBXFileReference; lastKnownFileType = text.plist.xml; path = Info.plist; sourceTree = "<group>"; };
		F796A9D428400A3E00409BAE /* SudokuBoardViewController.swift */ = {isa = PBXFileReference; lastKnownFileType = sourcecode.swift; path = SudokuBoardViewController.swift; sourceTree = "<group>"; };
		F7E0D50D261355230078A15E /* TipCalViewController.swift */ = {isa = PBXFileReference; lastKnownFileType = sourcecode.swift; path = TipCalViewController.swift; sourceTree = "<group>"; };
/* End PBXFileReference section */

/* Begin PBXFrameworksBuildPhase section */
		F7881B4B25D713370026F2F0 /* Frameworks */ = {
			isa = PBXFrameworksBuildPhase;
			buildActionMask = 2147483647;
			files = (
				F72A2C88284A4A6700AB85D7 /* RealmSwift in Frameworks */,
				F72A2C86284A4A6700AB85D7 /* Realm in Frameworks */,
			);
			runOnlyForDeploymentPostprocessing = 0;
		};
/* End PBXFrameworksBuildPhase section */

/* Begin PBXGroup section */
		33180C50286F5008004FCD13 /* SudokuModel */ = {
			isa = PBXGroup;
			children = (
				33180C55286F5081004FCD13 /* SudokuBox.swift */,
				33180C53286F5024004FCD13 /* SudokuRow.swift */,
			);
			path = SudokuModel;
			sourceTree = "<group>";
		};
		33180C57286F5091004FCD13 /* Weather */ = {
			isa = PBXGroup;
			children = (
				33180C5F286F50CE004FCD13 /* WeatherData.swift */,
				33180C5E286F50CE004FCD13 /* WeatherManager.swift */,
				33180C60286F50CE004FCD13 /* WeatherModel.swift */,
			);
			path = Weather;
			sourceTree = "<group>";
		};
		33251B3C287F3F9800B8050E /* Drawing */ = {
			isa = PBXGroup;
			children = (
				33251B3A287F3F9100B8050E /* CanvasView.swift */,
			);
			path = Drawing;
			sourceTree = "<group>";
		};
		33D26420283BF1EA004E4E97 /* View */ = {
			isa = PBXGroup;
			children = (
				F7881B5725D713370026F2F0 /* Main.storyboard */,
				F7358DD5284908D7005AE562 /* SudokuBoardElementViewCell.swift */,
				339F92B7285276AF00FD8E3E /* SudokuBoardElementViewCell.xib */,
			);
			path = View;
			sourceTree = "<group>";
		};
		33D26421283BF1F1004E4E97 /* Controllers */ = {
			isa = PBXGroup;
			children = (
				33251B38287F3F3700B8050E /* DrawViewController.swift */,
				33D26424283BF3B2004E4E97 /* SudokuMainScreenViewController.swift */,
				F7881B5525D713370026F2F0 /* ViewController.swift */,
				F711ADC2264AF88800D47408 /* UnitConverterViewController.swift */,
				F711ADC8264B0AEF00D47408 /* UnitConverter.swift */,
				F72612592623391300CA91B6 /* QRCodeGeneratorViewController.swift */,
				F7E0D50D261355230078A15E /* TipCalViewController.swift */,
				F7663EB425DD4B3F00E4A8D6 /* CountDownViewController.swift */,
				F796A9D428400A3E00409BAE /* SudokuBoardViewController.swift */,
				33180C4E286F4F78004FCD13 /* WeatherViewController.swift */,
				F72B2E9628413E7D00424A1A /* ColumnFlowLayout.swift */,
				33251B36287F1E3400B8050E /* DrawingViewController.swift */,
			);
			path = Controllers;
			sourceTree = "<group>";
		};
		33D26422283BF1FD004E4E97 /* Models */ = {
			isa = PBXGroup;
			children = (
				33251B3C287F3F9800B8050E /* Drawing */,
				33180C50286F5008004FCD13 /* SudokuModel */,
				33180C57286F5091004FCD13 /* Weather */,
			);
			path = Models;
			sourceTree = "<group>";
		};
		33D26423283BF21B004E4E97 /* Utils */ = {
			isa = PBXGroup;
			children = (
				F711ADC6264B0A2900D47408 /* Calculator.swift */,
				33D26426283BF3EA004E4E97 /* Sudoku.swift */,
				3318066E286364C500B74ED4 /* Highlight.swift */,
				332FA0FB28871168006E32EA /* DollarStrokeRecognizer.swift */,
			);
			path = Utils;
			sourceTree = "<group>";
		};
		F7881B4525D713370026F2F0 = {
			isa = PBXGroup;
			children = (
				33D26423283BF21B004E4E97 /* Utils */,
				33D26422283BF1FD004E4E97 /* Models */,
				33D26421283BF1F1004E4E97 /* Controllers */,
				33D26420283BF1EA004E4E97 /* View */,
				F7881B5025D713370026F2F0 /* GettingUsedToSwift */,
				F7881B4F25D713370026F2F0 /* Products */,
			);
			sourceTree = "<group>";
		};
		F7881B4F25D713370026F2F0 /* Products */ = {
			isa = PBXGroup;
			children = (
				F7881B4E25D713370026F2F0 /* GettingUsedToSwift.app */,
			);
			name = Products;
			sourceTree = "<group>";
		};
		F7881B5025D713370026F2F0 /* GettingUsedToSwift */ = {
			isa = PBXGroup;
			children = (
				332FA0FD2887158D006E32EA /* Templates */,
				F7881B5125D713370026F2F0 /* AppDelegate.swift */,
				F7881B5325D713370026F2F0 /* SceneDelegate.swift */,
				F7881B5C25D713380026F2F0 /* LaunchScreen.storyboard */,
				F7881B5F25D713380026F2F0 /* Info.plist */,
				331CC1B628771DC200CF1615 /* Assets.xcassets */,
			);
			path = GettingUsedToSwift;
			sourceTree = "<group>";
		};
/* End PBXGroup section */

/* Begin PBXNativeTarget section */
		F7881B4D25D713370026F2F0 /* GettingUsedToSwift */ = {
			isa = PBXNativeTarget;
			buildConfigurationList = F7881B6225D713380026F2F0 /* Build configuration list for PBXNativeTarget "GettingUsedToSwift" */;
			buildPhases = (
				F7881B4A25D713370026F2F0 /* Sources */,
				F7881B4B25D713370026F2F0 /* Frameworks */,
				F7881B4C25D713370026F2F0 /* Resources */,
			);
			buildRules = (
			);
			dependencies = (
			);
			name = GettingUsedToSwift;
			packageProductDependencies = (
				F72A2C85284A4A6700AB85D7 /* Realm */,
				F72A2C87284A4A6700AB85D7 /* RealmSwift */,
			);
			productName = GettingUsedToSwift;
			productReference = F7881B4E25D713370026F2F0 /* GettingUsedToSwift.app */;
			productType = "com.apple.product-type.application";
		};
/* End PBXNativeTarget section */

/* Begin PBXProject section */
		F7881B4625D713370026F2F0 /* Project object */ = {
			isa = PBXProject;
			attributes = {
				LastSwiftUpdateCheck = 1240;
				LastUpgradeCheck = 1240;
				TargetAttributes = {
					F7881B4D25D713370026F2F0 = {
						CreatedOnToolsVersion = 12.4;
					};
				};
			};
			buildConfigurationList = F7881B4925D713370026F2F0 /* Build configuration list for PBXProject "GettingUsedToSwift" */;
			compatibilityVersion = "Xcode 9.3";
			developmentRegion = en;
			hasScannedForEncodings = 0;
			knownRegions = (
				en,
				Base,
			);
			mainGroup = F7881B4525D713370026F2F0;
			packageReferences = (
				F72A2C84284A4A6700AB85D7 /* XCRemoteSwiftPackageReference "realm-swift" */,
			);
			productRefGroup = F7881B4F25D713370026F2F0 /* Products */;
			projectDirPath = "";
			projectRoot = "";
			targets = (
				F7881B4D25D713370026F2F0 /* GettingUsedToSwift */,
			);
		};
/* End PBXProject section */

/* Begin PBXResourcesBuildPhase section */
		F7881B4C25D713370026F2F0 /* Resources */ = {
			isa = PBXResourcesBuildPhase;
			buildActionMask = 2147483647;
			files = (
				F7881B5E25D713380026F2F0 /* LaunchScreen.storyboard in Resources */,
				332FA0FE2887158D006E32EA /* Templates in Resources */,
				F7881B5925D713370026F2F0 /* Main.storyboard in Resources */,
				331CC1B728771DC200CF1615 /* Assets.xcassets in Resources */,
				339F92B8285276AF00FD8E3E /* SudokuBoardElementViewCell.xib in Resources */,
			);
			runOnlyForDeploymentPostprocessing = 0;
		};
/* End PBXResourcesBuildPhase section */

/* Begin PBXSourcesBuildPhase section */
		F7881B4A25D713370026F2F0 /* Sources */ = {
			isa = PBXSourcesBuildPhase;
			buildActionMask = 2147483647;
			files = (
				F711ADC3264AF88800D47408 /* UnitConverterViewController.swift in Sources */,
				F7358DD7284908D7005AE562 /* SudokuBoardElementViewCell.swift in Sources */,
				33251B3B287F3F9100B8050E /* CanvasView.swift in Sources */,
				F7663EB525DD4B3F00E4A8D6 /* CountDownViewController.swift in Sources */,
				33251B39287F3F3700B8050E /* DrawViewController.swift in Sources */,
				33D26427283BF3EA004E4E97 /* Sudoku.swift in Sources */,
				F7E0D50E261355230078A15E /* TipCalViewController.swift in Sources */,
				33180C4F286F4F78004FCD13 /* WeatherViewController.swift in Sources */,
				33180C62286F50CE004FCD13 /* WeatherData.swift in Sources */,
				F796A9D528400A3E00409BAE /* SudokuBoardViewController.swift in Sources */,
				F726125A2623391300CA91B6 /* QRCodeGeneratorViewController.swift in Sources */,
				F7881B5625D713370026F2F0 /* ViewController.swift in Sources */,
				33180C63286F50CE004FCD13 /* WeatherModel.swift in Sources */,
				F711ADC7264B0A2900D47408 /* Calculator.swift in Sources */,
				33180C56286F5081004FCD13 /* SudokuBox.swift in Sources */,
				F72B2E9728413E7D00424A1A /* ColumnFlowLayout.swift in Sources */,
				F711ADC9264B0AEF00D47408 /* UnitConverter.swift in Sources */,
				3318066F286364C500B74ED4 /* Highlight.swift in Sources */,
				F7881B5225D713370026F2F0 /* AppDelegate.swift in Sources */,
				332FA0FC28871168006E32EA /* DollarStrokeRecognizer.swift in Sources */,
				33251B37287F1E3400B8050E /* DrawingViewController.swift in Sources */,
				33180C61286F50CE004FCD13 /* WeatherManager.swift in Sources */,
				33D26425283BF3B2004E4E97 /* SudokuMainScreenViewController.swift in Sources */,
				F7881B5425D713370026F2F0 /* SceneDelegate.swift in Sources */,
				33180C54286F5024004FCD13 /* SudokuRow.swift in Sources */,
			);
			runOnlyForDeploymentPostprocessing = 0;
		};
/* End PBXSourcesBuildPhase section */

/* Begin PBXVariantGroup section */
		F7881B5725D713370026F2F0 /* Main.storyboard */ = {
			isa = PBXVariantGroup;
			children = (
				F7881B5825D713370026F2F0 /* Base */,
			);
			name = Main.storyboard;
			sourceTree = "<group>";
		};
		F7881B5C25D713380026F2F0 /* LaunchScreen.storyboard */ = {
			isa = PBXVariantGroup;
			children = (
				F7881B5D25D713380026F2F0 /* Base */,
			);
			name = LaunchScreen.storyboard;
			sourceTree = "<group>";
		};
/* End PBXVariantGroup section */

/* Begin XCBuildConfiguration section */
		F7881B6025D713380026F2F0 /* Debug */ = {
			isa = XCBuildConfiguration;
			buildSettings = {
				ALWAYS_SEARCH_USER_PATHS = NO;
				CLANG_ANALYZER_NONNULL = YES;
				CLANG_ANALYZER_NUMBER_OBJECT_CONVERSION = YES_AGGRESSIVE;
				CLANG_CXX_LANGUAGE_STANDARD = "gnu++14";
				CLANG_CXX_LIBRARY = "libc++";
				CLANG_ENABLE_MODULES = YES;
				CLANG_ENABLE_OBJC_ARC = YES;
				CLANG_ENABLE_OBJC_WEAK = YES;
				CLANG_WARN_BLOCK_CAPTURE_AUTORELEASING = YES;
				CLANG_WARN_BOOL_CONVERSION = YES;
				CLANG_WARN_COMMA = YES;
				CLANG_WARN_CONSTANT_CONVERSION = YES;
				CLANG_WARN_DEPRECATED_OBJC_IMPLEMENTATIONS = YES;
				CLANG_WARN_DIRECT_OBJC_ISA_USAGE = YES_ERROR;
				CLANG_WARN_DOCUMENTATION_COMMENTS = YES;
				CLANG_WARN_EMPTY_BODY = YES;
				CLANG_WARN_ENUM_CONVERSION = YES;
				CLANG_WARN_INFINITE_RECURSION = YES;
				CLANG_WARN_INT_CONVERSION = YES;
				CLANG_WARN_NON_LITERAL_NULL_CONVERSION = YES;
				CLANG_WARN_OBJC_IMPLICIT_RETAIN_SELF = YES;
				CLANG_WARN_OBJC_LITERAL_CONVERSION = YES;
				CLANG_WARN_OBJC_ROOT_CLASS = YES_ERROR;
				CLANG_WARN_QUOTED_INCLUDE_IN_FRAMEWORK_HEADER = YES;
				CLANG_WARN_RANGE_LOOP_ANALYSIS = YES;
				CLANG_WARN_STRICT_PROTOTYPES = YES;
				CLANG_WARN_SUSPICIOUS_MOVE = YES;
				CLANG_WARN_UNGUARDED_AVAILABILITY = YES_AGGRESSIVE;
				CLANG_WARN_UNREACHABLE_CODE = YES;
				CLANG_WARN__DUPLICATE_METHOD_MATCH = YES;
				COPY_PHASE_STRIP = NO;
				DEBUG_INFORMATION_FORMAT = dwarf;
				ENABLE_STRICT_OBJC_MSGSEND = YES;
				ENABLE_TESTABILITY = YES;
				GCC_C_LANGUAGE_STANDARD = gnu11;
				GCC_DYNAMIC_NO_PIC = NO;
				GCC_NO_COMMON_BLOCKS = YES;
				GCC_OPTIMIZATION_LEVEL = 0;
				GCC_PREPROCESSOR_DEFINITIONS = (
					"DEBUG=1",
					"$(inherited)",
				);
				GCC_WARN_64_TO_32_BIT_CONVERSION = YES;
				GCC_WARN_ABOUT_RETURN_TYPE = YES_ERROR;
				GCC_WARN_UNDECLARED_SELECTOR = YES;
				GCC_WARN_UNINITIALIZED_AUTOS = YES_AGGRESSIVE;
				GCC_WARN_UNUSED_FUNCTION = YES;
				GCC_WARN_UNUSED_VARIABLE = YES;
				IPHONEOS_DEPLOYMENT_TARGET = 15.0;
				MTL_ENABLE_DEBUG_INFO = INCLUDE_SOURCE;
				MTL_FAST_MATH = YES;
				ONLY_ACTIVE_ARCH = YES;
				SDKROOT = iphoneos;
				SWIFT_ACTIVE_COMPILATION_CONDITIONS = DEBUG;
				SWIFT_OPTIMIZATION_LEVEL = "-Onone";
			};
			name = Debug;
		};
		F7881B6125D713380026F2F0 /* Release */ = {
			isa = XCBuildConfiguration;
			buildSettings = {
				ALWAYS_SEARCH_USER_PATHS = NO;
				CLANG_ANALYZER_NONNULL = YES;
				CLANG_ANALYZER_NUMBER_OBJECT_CONVERSION = YES_AGGRESSIVE;
				CLANG_CXX_LANGUAGE_STANDARD = "gnu++14";
				CLANG_CXX_LIBRARY = "libc++";
				CLANG_ENABLE_MODULES = YES;
				CLANG_ENABLE_OBJC_ARC = YES;
				CLANG_ENABLE_OBJC_WEAK = YES;
				CLANG_WARN_BLOCK_CAPTURE_AUTORELEASING = YES;
				CLANG_WARN_BOOL_CONVERSION = YES;
				CLANG_WARN_COMMA = YES;
				CLANG_WARN_CONSTANT_CONVERSION = YES;
				CLANG_WARN_DEPRECATED_OBJC_IMPLEMENTATIONS = YES;
				CLANG_WARN_DIRECT_OBJC_ISA_USAGE = YES_ERROR;
				CLANG_WARN_DOCUMENTATION_COMMENTS = YES;
				CLANG_WARN_EMPTY_BODY = YES;
				CLANG_WARN_ENUM_CONVERSION = YES;
				CLANG_WARN_INFINITE_RECURSION = YES;
				CLANG_WARN_INT_CONVERSION = YES;
				CLANG_WARN_NON_LITERAL_NULL_CONVERSION = YES;
				CLANG_WARN_OBJC_IMPLICIT_RETAIN_SELF = YES;
				CLANG_WARN_OBJC_LITERAL_CONVERSION = YES;
				CLANG_WARN_OBJC_ROOT_CLASS = YES_ERROR;
				CLANG_WARN_QUOTED_INCLUDE_IN_FRAMEWORK_HEADER = YES;
				CLANG_WARN_RANGE_LOOP_ANALYSIS = YES;
				CLANG_WARN_STRICT_PROTOTYPES = YES;
				CLANG_WARN_SUSPICIOUS_MOVE = YES;
				CLANG_WARN_UNGUARDED_AVAILABILITY = YES_AGGRESSIVE;
				CLANG_WARN_UNREACHABLE_CODE = YES;
				CLANG_WARN__DUPLICATE_METHOD_MATCH = YES;
				COPY_PHASE_STRIP = NO;
				DEBUG_INFORMATION_FORMAT = "dwarf-with-dsym";
				ENABLE_NS_ASSERTIONS = NO;
				ENABLE_STRICT_OBJC_MSGSEND = YES;
				GCC_C_LANGUAGE_STANDARD = gnu11;
				GCC_NO_COMMON_BLOCKS = YES;
				GCC_WARN_64_TO_32_BIT_CONVERSION = YES;
				GCC_WARN_ABOUT_RETURN_TYPE = YES_ERROR;
				GCC_WARN_UNDECLARED_SELECTOR = YES;
				GCC_WARN_UNINITIALIZED_AUTOS = YES_AGGRESSIVE;
				GCC_WARN_UNUSED_FUNCTION = YES;
				GCC_WARN_UNUSED_VARIABLE = YES;
				IPHONEOS_DEPLOYMENT_TARGET = 15.0;
				MTL_ENABLE_DEBUG_INFO = NO;
				MTL_FAST_MATH = YES;
				SDKROOT = iphoneos;
				SWIFT_COMPILATION_MODE = wholemodule;
				SWIFT_OPTIMIZATION_LEVEL = "-O";
				VALIDATE_PRODUCT = YES;
			};
			name = Release;
		};
		F7881B6325D713380026F2F0 /* Debug */ = {
			isa = XCBuildConfiguration;
			buildSettings = {
				ASSETCATALOG_COMPILER_APPICON_NAME = AppIcon;
				ASSETCATALOG_COMPILER_GLOBAL_ACCENT_COLOR_NAME = AccentColor;
				CODE_SIGN_IDENTITY = "Apple Development";
				CODE_SIGN_STYLE = Automatic;
				DEVELOPMENT_TEAM = M7CKSV46H3;
				INFOPLIST_FILE = GettingUsedToSwift/Info.plist;
				IPHONEOS_DEPLOYMENT_TARGET = 15.0;
				LD_RUNPATH_SEARCH_PATHS = (
					"$(inherited)",
					"@executable_path/Frameworks",
				);
				PRODUCT_BUNDLE_IDENTIFIER = Unimportant.GettingUsedToSwift;
				PRODUCT_NAME = "$(TARGET_NAME)";
				PROVISIONING_PROFILE_SPECIFIER = "";
				SWIFT_ENFORCE_EXCLUSIVE_ACCESS = on;
				SWIFT_VERSION = 5.0;
				TARGETED_DEVICE_FAMILY = "1,2";
			};
			name = Debug;
		};
		F7881B6425D713380026F2F0 /* Release */ = {
			isa = XCBuildConfiguration;
			buildSettings = {
				ASSETCATALOG_COMPILER_APPICON_NAME = AppIcon;
				ASSETCATALOG_COMPILER_GLOBAL_ACCENT_COLOR_NAME = AccentColor;
				CODE_SIGN_IDENTITY = "Apple Development";
				CODE_SIGN_STYLE = Automatic;
				DEVELOPMENT_TEAM = M7CKSV46H3;
				INFOPLIST_FILE = GettingUsedToSwift/Info.plist;
				IPHONEOS_DEPLOYMENT_TARGET = 15.0;
				LD_RUNPATH_SEARCH_PATHS = (
					"$(inherited)",
					"@executable_path/Frameworks",
				);
				PRODUCT_BUNDLE_IDENTIFIER = Unimportant.GettingUsedToSwift;
				PRODUCT_NAME = "$(TARGET_NAME)";
				PROVISIONING_PROFILE_SPECIFIER = "";
				SWIFT_ENFORCE_EXCLUSIVE_ACCESS = on;
				SWIFT_VERSION = 5.0;
				TARGETED_DEVICE_FAMILY = "1,2";
			};
			name = Release;
		};
/* End XCBuildConfiguration section */

/* Begin XCConfigurationList section */
		F7881B4925D713370026F2F0 /* Build configuration list for PBXProject "GettingUsedToSwift" */ = {
			isa = XCConfigurationList;
			buildConfigurations = (
				F7881B6025D713380026F2F0 /* Debug */,
				F7881B6125D713380026F2F0 /* Release */,
			);
			defaultConfigurationIsVisible = 0;
			defaultConfigurationName = Release;
		};
		F7881B6225D713380026F2F0 /* Build configuration list for PBXNativeTarget "GettingUsedToSwift" */ = {
			isa = XCConfigurationList;
			buildConfigurations = (
				F7881B6325D713380026F2F0 /* Debug */,
				F7881B6425D713380026F2F0 /* Release */,
			);
			defaultConfigurationIsVisible = 0;
			defaultConfigurationName = Release;
		};
/* End XCConfigurationList section */

/* Begin XCRemoteSwiftPackageReference section */
		F72A2C84284A4A6700AB85D7 /* XCRemoteSwiftPackageReference "realm-swift" */ = {
			isa = XCRemoteSwiftPackageReference;
			repositoryURL = "https://github.com/realm/realm-swift.git";
			requirement = {
				branch = master;
				kind = branch;
			};
		};
/* End XCRemoteSwiftPackageReference section */

/* Begin XCSwiftPackageProductDependency section */
		F72A2C85284A4A6700AB85D7 /* Realm */ = {
			isa = XCSwiftPackageProductDependency;
			package = F72A2C84284A4A6700AB85D7 /* XCRemoteSwiftPackageReference "realm-swift" */;
			productName = Realm;
		};
		F72A2C87284A4A6700AB85D7 /* RealmSwift */ = {
			isa = XCSwiftPackageProductDependency;
			package = F72A2C84284A4A6700AB85D7 /* XCRemoteSwiftPackageReference "realm-swift" */;
			productName = RealmSwift;
		};
/* End XCSwiftPackageProductDependency section */
	};
	rootObject = F7881B4625D713370026F2F0 /* Project object */;
}
